
Microsoft Visual Studio Solution File, Format Version 12.00
# Visual Studio Version 17
VisualStudioVersion = 17.0.31919.166
MinimumVisualStudioVersion = 10.0.40219.1
Project("{FAE04EC0-301F-11D3-BF4B-00C04F79EFBC}") = "無限ループでループ回数を取得する", "無限ループでループ回数を取得する\無限ループでループ回数を取得する.csproj", "{66F10562-41B5-4F49-9BAD-CCCB63B35CEC}"
EndProject
Global
	GlobalSection(SolutionConfigurationPlatforms) = preSolution
		Debug|Any CPU = Debug|Any CPU
		Release|Any CPU = Release|Any CPU
	EndGlobalSection
	GlobalSection(ProjectConfigurationPlatforms) = postSolution
		{66F10562-41B5-4F49-9BAD-CCCB63B35CEC}.Debug|Any CPU.ActiveCfg = Debug|Any CPU
		{66F10562-41B5-4F49-9BAD-CCCB63B35CEC}.Debug|Any CPU.Build.0 = Debug|Any CPU
		{66F10562-41B5-4F49-9BAD-CCCB63B35CEC}.Release|Any CPU.ActiveCfg = Release|Any CPU
		{66F10562-41B5-4F49-9BAD-CCCB63B35CEC}.Release|Any CPU.Build.0 = Release|Any CPU
	EndGlobalSection
	GlobalSection(SolutionProperties) = preSolution
		HideSolutionNode = FALSE
	EndGlobalSection
	GlobalSection(ExtensibilityGlobals) = postSolution
		SolutionGuid = {03B93958-510C-4191-9E54-967A99E4B74B}
	EndGlobalSection
EndGlobal
